# This file was autogenerated by Stack.
# You should not edit this file by hand.
# For more information, please see the documentation at:
#   https://docs.haskellstack.org/en/stable/lock_files

packages:
- completed:
    hackage: elm-syntax-0.3.0.0@sha256:8fd57f8e15e499c11b78983bce3c4b237eb2f22e467a55d51702b43a18c61323,2257
    pantry-tree:
      size: 788
      sha256: 47dc847d2d26cf6fd3abfff8e8e254f56bfcb0c606c350709bf3d4acfd05cff4
  original:
    hackage: elm-syntax-0.3.0.0@sha256:8fd57f8e15e499c11b78983bce3c4b237eb2f22e467a55d51702b43a18c61323,2257
- completed:
    hackage: haskell-to-elm-0.3.0.0@sha256:b8a016087523596c7420fc0b78611b2ffa9b8094c8c5930b89ef7bbec82401a5,3614
    pantry-tree:
      size: 505
      sha256: 50eacf6c6c0386453d8504bcfff3803f9df8867b8802e12013c9146fd29624b3
  original:
    hackage: haskell-to-elm-0.3.0.0@sha256:b8a016087523596c7420fc0b78611b2ffa9b8094c8c5930b89ef7bbec82401a5,3614
- completed:
    hackage: servant-to-elm-0.4.1.0@sha256:89a28455449a7b4ee57f85ee5422ad87cd0e2a72fb9b7b9bd0a554639f29566b,3042
    pantry-tree:
      size: 433
      sha256: 8c7e8e9d6917c17bb8c94824c6310b682f1126f651ddbcaabd25e852b369f37c
  original:
    hackage: servant-to-elm-0.4.1.0@sha256:89a28455449a7b4ee57f85ee5422ad87cd0e2a72fb9b7b9bd0a554639f29566b,3042
snapshots:
- completed:
    size: 524996
    url: https://raw.githubusercontent.com/commercialhaskell/stackage-snapshots/master/lts/14/27.yaml
    sha256: 7ea31a280c56bf36ff591a7397cc384d0dff622e7f9e4225b47d8980f019a0f0
  original: lts-14.27
